{
  "name": "@loom/core",
  "version": "0.1.0",
  "lockfileVersion": 3,
  "requires": true,
  "packages": {
    "": {
      "name": "@loom/core",
      "version": "0.1.0",
      "dependencies": {
        "xxhash-wasm": "^1.1.0",
        "yaml": "^2.6.0",
        "zod": "^3.23.0"
      },
      "devDependencies": {
        "@types/node": "^22.19.21"
      }
    },
    "../../node_modules/.pnpm/@types+node@22.19.21/node_modules/@types/node": {
      "version": "22.19.21",
      "dev": true,
      "license": "MIT",
      "dependencies": {
        "undici-types": "~6.21.0"
      }
    },
    "../../node_modules/.pnpm/yaml@2.9.0/node_modules/yaml": {
      "version": "2.9.0",
      "license": "ISC",
      "bin": {
        "yaml": "bin.mjs"
      },
      "devDependencies": {
        "@babel/core": "^7.12.10",
        "@babel/plugin-transform-typescript": "^7.12.17",
        "@babel/preset-env": "^7.12.11",
        "@eslint/js": "^9.9.1",
        "@rollup/plugin-babel": "^6.0.3",
        "@rollup/plugin-replace": "^6.0.3",
        "@rollup/plugin-typescript": "^12.1.1",
        "@types/jest": "^29.2.4",
        "@types/node": "^20.11.20",
        "babel-jest": "^29.0.1",
        "eslint": "^9.9.1",
        "eslint-config-prettier": "^10.1.8",
        "fast-check": "^2.12.0",
        "jest": "^29.0.1",
        "jest-resolve": "^29.7.0",
        "jest-ts-webcompat-resolver": "^1.0.0",
        "prettier": "^3.0.2",
        "rollup": "^4.12.0",
        "tslib": "^2.8.1",
        "typescript": "^5.7.2",
        "typescript-eslint": "^8.4.0"
      },
      "engines": {
        "node": ">= 14.6"
      },
      "funding": {
        "url": "https://github.com/sponsors/eemeli"
      }
    },
    "../../node_modules/.pnpm/zod@3.25.76/node_modules/zod": {
      "version": "3.25.76",
      "license": "MIT",
      "funding": {
        "url": "https://github.com/sponsors/colinhacks"
      }
    },
    "node_modules/@types/node": {
      "resolved": "../../node_modules/.pnpm/@types+node@22.19.21/node_modules/@types/node",
      "link": true
    },
    "node_modules/xxhash-wasm": {
      "version": "1.1.0",
      "resolved": "https://registry.npmmirror.com/xxhash-wasm/-/xxhash-wasm-1.1.0.tgz",
      "integrity": "sha512-147y/6YNh+tlp6nd/2pWq38i9h6mz/EuQ6njIrmW8D1BS5nCqs0P6DG+m6zTGnNz5I+uhZ0SHxBs9BsPrwcKDA==",
      "license": "MIT"
    },
    "node_modules/yaml": {
      "resolved": "../../node_modules/.pnpm/yaml@2.9.0/node_modules/yaml",
      "link": true
    },
    "node_modules/zod": {
      "resolved": "../../node_modules/.pnpm/zod@3.25.76/node_modules/zod",
      "link": true
    }
  }
}
